// !$*UTF8*$!
{
	archiveVersion = 1;
	classes = {
	};
	objectVersion = 50;
	objects = {

/* Begin PBXBuildFile section */
		213F327626B1F77C0090558B /* AppDelegate.swift in Sources */ = {isa = PBXBuildFile; fileRef = 213F327526B1F77C0090558B /* AppDelegate.swift */; };
		213F327826B1F77C0090558B /* SceneDelegate.swift in Sources */ = {isa = PBXBuildFile; fileRef = 213F327726B1F77C0090558B /* SceneDelegate.swift */; };
		213F327A26B1F77C0090558B /* ViewController.swift in Sources */ = {isa = PBXBuildFile; fileRef = 213F327926B1F77C0090558B /* ViewController.swift */; };
		213F327F26B1F77E0090558B /* Assets.xcassets in Resources */ = {isa = PBXBuildFile; fileRef = 213F327E26B1F77E0090558B /* Assets.xcassets */; };
		213F329B26B1F86E0090558B /* SectionHeadlineReusableView.swift in Sources */ = {isa = PBXBuildFile; fileRef = 213F328A26B1F86E0090558B /* SectionHeadlineReusableView.swift */; };
		213F329C26B1F86E0090558B /* SimpleCollectionViewCell.xib in Resources */ = {isa = PBXBuildFile; fileRef = 213F328C26B1F86E0090558B /* SimpleCollectionViewCell.xib */; };
		213F329D26B1F86E0090558B /* SimpleCollectionViewCell.swift in Sources */ = {isa = PBXBuildFile; fileRef = 213F328D26B1F86E0090558B /* SimpleCollectionViewCell.swift */; };
		213F329E26B1F86E0090558B /* SectionHeadlineReusableView.xib in Resources */ = {isa = PBXBuildFile; fileRef = 213F328E26B1F86E0090558B /* SectionHeadlineReusableView.xib */; };
		213F329F26B1F86E0090558B /* Assets.xcassets in Resources */ = {isa = PBXBuildFile; fileRef = 213F328F26B1F86E0090558B /* Assets.xcassets */; };
		213F32A026B1F86E0090558B /* FixedSize.swift in Sources */ = {isa = PBXBuildFile; fileRef = 213F329126B1F86E0090558B /* FixedSize.swift */; };
		213F32A126B1F86E0090558B /* String+Extension.swift in Sources */ = {isa = PBXBuildFile; fileRef = 213F329226B1F86E0090558B /* String+Extension.swift */; };
		213F32A226B1F86E0090558B /* UICollectionViewCell+Extension.swift in Sources */ = {isa = PBXBuildFile; fileRef = 213F329326B1F86E0090558B /* UICollectionViewCell+Extension.swift */; };
		213F32A526B1F86E0090558B /* CompositionalLayout.swift in Sources */ = {isa = PBXBuildFile; fileRef = 213F329A26B1F86E0090558B /* CompositionalLayout.swift */; };
		213F32AD26B1F8B30090558B /* MovieCellViewModel.swift in Sources */ = {isa = PBXBuildFile; fileRef = 213F32A726B1F8B30090558B /* MovieCellViewModel.swift */; };
		213F32AE26B1F8B30090558B /* Movie.swift in Sources */ = {isa = PBXBuildFile; fileRef = 213F32A826B1F8B30090558B /* Movie.swift */; };
		213F32AF26B1F8B30090558B /* TestData.swift in Sources */ = {isa = PBXBuildFile; fileRef = 213F32A926B1F8B30090558B /* TestData.swift */; };
		213F32B026B1F8B30090558B /* CategoryType.swift in Sources */ = {isa = PBXBuildFile; fileRef = 213F32AA26B1F8B30090558B /* CategoryType.swift */; };
		213F32B126B1F8B30090558B /* CategoryViewModel.swift in Sources */ = {isa = PBXBuildFile; fileRef = 213F32AB26B1F8B30090558B /* CategoryViewModel.swift */; };
		213F32B226B1F8B30090558B /* Category.swift in Sources */ = {isa = PBXBuildFile; fileRef = 213F32AC26B1F8B30090558B /* Category.swift */; };
		213F32B726B1F8FB0090558B /* LaunchScreen.storyboard in Resources */ = {isa = PBXBuildFile; fileRef = 213F32B326B1F8FB0090558B /* LaunchScreen.storyboard */; };
		213F32B826B1F8FB0090558B /* Main.storyboard in Resources */ = {isa = PBXBuildFile; fileRef = 213F32B526B1F8FB0090558B /* Main.storyboard */; };
/* End PBXBuildFile section */

/* Begin PBXFileReference section */
		213F327226B1F77C0090558B /* CompositionalLayout_Starter.app */ = {isa = PBXFileReference; explicitFileType = wrapper.application; includeInIndex = 0; path = CompositionalLayout_Starter.app; sourceTree = BUILT_PRODUCTS_DIR; };
		213F327526B1F77C0090558B /* AppDelegate.swift */ = {isa = PBXFileReference; lastKnownFileType = sourcecode.swift; path = AppDelegate.swift; sourceTree = "<group>"; };
		213F327726B1F77C0090558B /* SceneDelegate.swift */ = {isa = PBXFileReference; lastKnownFileType = sourcecode.swift; path = SceneDelegate.swift; sourceTree = "<group>"; };
		213F327926B1F77C0090558B /* ViewController.swift */ = {isa = PBXFileReference; lastKnownFileType = sourcecode.swift; path = ViewController.swift; sourceTree = "<group>"; };
		213F327E26B1F77E0090558B /* Assets.xcassets */ = {isa = PBXFileReference; lastKnownFileType = folder.assetcatalog; path = Assets.xcassets; sourceTree = "<group>"; };
		213F328326B1F77E0090558B /* Info.plist */ = {isa = PBXFileReference; lastKnownFileType = text.plist.xml; path = Info.plist; sourceTree = "<group>"; };
		213F328A26B1F86E0090558B /* SectionHeadlineReusableView.swift */ = {isa = PBXFileReference; fileEncoding = 4; lastKnownFileType = sourcecode.swift; path = SectionHeadlineReusableView.swift; sourceTree = "<group>"; };
		213F328C26B1F86E0090558B /* SimpleCollectionViewCell.xib */ = {isa = PBXFileReference; fileEncoding = 4; lastKnownFileType = file.xib; path = SimpleCollectionViewCell.xib; sourceTree = "<group>"; };
		213F328D26B1F86E0090558B /* SimpleCollectionViewCell.swift */ = {isa = PBXFileReference; fileEncoding = 4; lastKnownFileType = sourcecode.swift; path = SimpleCollectionViewCell.swift; sourceTree = "<group>"; };
		213F328E26B1F86E0090558B /* SectionHeadlineReusableView.xib */ = {isa = PBXFileReference; fileEncoding = 4; lastKnownFileType = file.xib; path = SectionHeadlineReusableView.xib; sourceTree = "<group>"; };
		213F328F26B1F86E0090558B /* Assets.xcassets */ = {isa = PBXFileReference; lastKnownFileType = folder.assetcatalog; path = Assets.xcassets; sourceTree = "<group>"; };
		213F329126B1F86E0090558B /* FixedSize.swift */ = {isa = PBXFileReference; fileEncoding = 4; lastKnownFileType = sourcecode.swift; path = FixedSize.swift; sourceTree = "<group>"; };
		213F329226B1F86E0090558B /* String+Extension.swift */ = {isa = PBXFileReference; fileEncoding = 4; lastKnownFileType = sourcecode.swift; path = "String+Extension.swift"; sourceTree = "<group>"; };
		213F329326B1F86E0090558B /* UICollectionViewCell+Extension.swift */ = {isa = PBXFileReference; fileEncoding = 4; lastKnownFileType = sourcecode.swift; path = "UICollectionViewCell+Extension.swift"; sourceTree = "<group>"; };
		213F329A26B1F86E0090558B /* CompositionalLayout.swift */ = {isa = PBXFileReference; fileEncoding = 4; lastKnownFileType = sourcecode.swift; path = CompositionalLayout.swift; sourceTree = "<group>"; };
		213F32A726B1F8B30090558B /* MovieCellViewModel.swift */ = {isa = PBXFileReference; fileEncoding = 4; lastKnownFileType = sourcecode.swift; path = MovieCellViewModel.swift; sourceTree = "<group>"; };
		213F32A826B1F8B30090558B /* Movie.swift */ = {isa = PBXFileReference; fileEncoding = 4; lastKnownFileType = sourcecode.swift; path = Movie.swift; sourceTree = "<group>"; };
		213F32A926B1F8B30090558B /* TestData.swift */ = {isa = PBXFileReference; fileEncoding = 4; lastKnownFileType = sourcecode.swift; path = TestData.swift; sourceTree = "<group>"; };
		213F32AA26B1F8B30090558B /* CategoryType.swift */ = {isa = PBXFileReference; fileEncoding = 4; lastKnownFileType = sourcecode.swift; path = CategoryType.swift; sourceTree = "<group>"; };
		213F32AB26B1F8B30090558B /* CategoryViewModel.swift */ = {isa = PBXFileReference; fileEncoding = 4; lastKnownFileType = sourcecode.swift; path = CategoryViewModel.swift; sourceTree = "<group>"; };
		213F32AC26B1F8B30090558B /* Category.swift */ = {isa = PBXFileReference; fileEncoding = 4; lastKnownFileType = sourcecode.swift; path = Category.swift; sourceTree = "<group>"; };
		213F32B426B1F8FB0090558B /* Base */ = {isa = PBXFileReference; lastKnownFileType = file.storyboard; name = Base; path = Base.lproj/LaunchScreen.storyboard; sourceTree = "<group>"; };
		213F32B626B1F8FB0090558B /* Base */ = {isa = PBXFileReference; lastKnownFileType = file.storyboard; name = Base; path = Base.lproj/Main.storyboard; sourceTree = "<group>"; };
/* End PBXFileReference section */

/* Begin PBXFrameworksBuildPhase section */
		213F326F26B1F77C0090558B /* Frameworks */ = {
			isa = PBXFrameworksBuildPhase;
			buildActionMask = 2147483647;
			files = (
			);
			runOnlyForDeploymentPostprocessing = 0;
		};
/* End PBXFrameworksBuildPhase section */

/* Begin PBXGroup section */
		213F326926B1F77B0090558B = {
			isa = PBXGroup;
			children = (
				213F327426B1F77C0090558B /* CompositionalLayout_Starter */,
				213F327326B1F77C0090558B /* Products */,
			);
			sourceTree = "<group>";
		};
		213F327326B1F77C0090558B /* Products */ = {
			isa = PBXGroup;
			children = (
				213F327226B1F77C0090558B /* CompositionalLayout_Starter.app */,
			);
			name = Products;
			sourceTree = "<group>";
		};
		213F327426B1F77C0090558B /* CompositionalLayout_Starter */ = {
			isa = PBXGroup;
			children = (
				213F327526B1F77C0090558B /* AppDelegate.swift */,
				213F328F26B1F86E0090558B /* Assets.xcassets */,
				213F328926B1F86D0090558B /* Cells */,
				213F329926B1F86E0090558B /* CollectionViewLayout */,
				213F329026B1F86E0090558B /* Extensions */,
				213F328326B1F77E0090558B /* Info.plist */,
				213F32B326B1F8FB0090558B /* LaunchScreen.storyboard */,
				213F32B526B1F8FB0090558B /* Main.storyboard */,
				213F32A626B1F8B30090558B /* Model */,
				213F327726B1F77C0090558B /* SceneDelegate.swift */,
				213F327926B1F77C0090558B /* ViewController.swift */,
				213F327E26B1F77E0090558B /* Assets.xcassets */,
			);
			path = CompositionalLayout_Starter;
			sourceTree = "<group>";
		};
		213F328926B1F86D0090558B /* Cells */ = {
			isa = PBXGroup;
			children = (
				213F328A26B1F86E0090558B /* SectionHeadlineReusableView.swift */,
				213F328B26B1F86E0090558B /* CollectionViewCells */,
				213F328E26B1F86E0090558B /* SectionHeadlineReusableView.xib */,
			);
			path = Cells;
			sourceTree = "<group>";
		};
		213F328B26B1F86E0090558B /* CollectionViewCells */ = {
			isa = PBXGroup;
			children = (
				213F328C26B1F86E0090558B /* SimpleCollectionViewCell.xib */,
				213F328D26B1F86E0090558B /* SimpleCollectionViewCell.swift */,
			);
			path = CollectionViewCells;
			sourceTree = "<group>";
		};
		213F329026B1F86E0090558B /* Extensions */ = {
			isa = PBXGroup;
			children = (
				213F329126B1F86E0090558B /* FixedSize.swift */,
				213F329226B1F86E0090558B /* String+Extension.swift */,
				213F329326B1F86E0090558B /* UICollectionViewCell+Extension.swift */,
			);
			path = Extensions;
			sourceTree = "<group>";
		};
		213F329926B1F86E0090558B /* CollectionViewLayout */ = {
			isa = PBXGroup;
			children = (
				213F329A26B1F86E0090558B /* CompositionalLayout.swift */,
			);
			path = CollectionViewLayout;
			sourceTree = "<group>";
		};
		213F32A626B1F8B30090558B /* Model */ = {
			isa = PBXGroup;
			children = (
				213F32A726B1F8B30090558B /* MovieCellViewModel.swift */,
				213F32A826B1F8B30090558B /* Movie.swift */,
				213F32A926B1F8B30090558B /* TestData.swift */,
				213F32AA26B1F8B30090558B /* CategoryType.swift */,
				213F32AB26B1F8B30090558B /* CategoryViewModel.swift */,
				213F32AC26B1F8B30090558B /* Category.swift */,
			);
			path = Model;
			sourceTree = "<group>";
		};
/* End PBXGroup section */

/* Begin PBXNativeTarget section */
		213F327126B1F77C0090558B /* CompositionalLayout_Starter */ = {
			isa = PBXNativeTarget;
			buildConfigurationList = 213F328626B1F77E0090558B /* Build configuration list for PBXNativeTarget "CompositionalLayout_Starter" */;
			buildPhases = (
				213F326E26B1F77C0090558B /* Sources */,
				213F326F26B1F77C0090558B /* Frameworks */,
				213F327026B1F77C0090558B /* Resources */,
			);
			buildRules = (
			);
			dependencies = (
			);
			name = CompositionalLayout_Starter;
			productName = CompositionalLayout_Starter;
			productReference = 213F327226B1F77C0090558B /* CompositionalLayout_Starter.app */;
			productType = "com.apple.product-type.application";
		};
/* End PBXNativeTarget section */

/* Begin PBXProject section */
		213F326A26B1F77B0090558B /* Project object */ = {
			isa = PBXProject;
			attributes = {
				LastSwiftUpdateCheck = 1250;
				LastUpgradeCheck = 1250;
				TargetAttributes = {
					213F327126B1F77C0090558B = {
						CreatedOnToolsVersion = 12.5;
					};
				};
			};
			buildConfigurationList = 213F326D26B1F77B0090558B /* Build configuration list for PBXProject "CompositionalLayout_Starter" */;
			compatibilityVersion = "Xcode 9.3";
			developmentRegion = en;
			hasScannedForEncodings = 0;
			knownRegions = (
				en,
				Base,
			);
			mainGroup = 213F326926B1F77B0090558B;
			productRefGroup = 213F327326B1F77C0090558B /* Products */;
			projectDirPath = "";
			projectRoot = "";
			targets = (
				213F327126B1F77C0090558B /* CompositionalLayout_Starter */,
			);
		};
/* End PBXProject section */

/* Begin PBXResourcesBuildPhase section */
		213F327026B1F77C0090558B /* Resources */ = {
			isa = PBXResourcesBuildPhase;
			buildActionMask = 2147483647;
			files = (
				213F327F26B1F77E0090558B /* Assets.xcassets in Resources */,
				213F329C26B1F86E0090558B /* SimpleCollectionViewCell.xib in Resources */,
				213F329E26B1F86E0090558B /* SectionHeadlineReusableView.xib in Resources */,
				213F32B826B1F8FB0090558B /* Main.storyboard in Resources */,
				213F32B726B1F8FB0090558B /* LaunchScreen.storyboard in Resources */,
				213F329F26B1F86E0090558B /* Assets.xcassets in Resources */,
			);
			runOnlyForDeploymentPostprocessing = 0;
		};
/* End PBXResourcesBuildPhase section */

/* Begin PBXSourcesBuildPhase section */
		213F326E26B1F77C0090558B /* Sources */ = {
			isa = PBXSourcesBuildPhase;
			buildActionMask = 2147483647;
			files = (
				213F32B126B1F8B30090558B /* CategoryViewModel.swift in Sources */,
				213F327A26B1F77C0090558B /* ViewController.swift in Sources */,
				213F32A126B1F86E0090558B /* String+Extension.swift in Sources */,
				213F329D26B1F86E0090558B /* SimpleCollectionViewCell.swift in Sources */,
				213F32B026B1F8B30090558B /* CategoryType.swift in Sources */,
				213F32AF26B1F8B30090558B /* TestData.swift in Sources */,
				213F32AD26B1F8B30090558B /* MovieCellViewModel.swift in Sources */,
				213F327626B1F77C0090558B /* AppDelegate.swift in Sources */,
				213F32A226B1F86E0090558B /* UICollectionViewCell+Extension.swift in Sources */,
				213F32A026B1F86E0090558B /* FixedSize.swift in Sources */,
				213F327826B1F77C0090558B /* SceneDelegate.swift in Sources */,
				213F32B226B1F8B30090558B /* Category.swift in Sources */,
				213F329B26B1F86E0090558B /* SectionHeadlineReusableView.swift in Sources */,
				213F32AE26B1F8B30090558B /* Movie.swift in Sources */,
				213F32A526B1F86E0090558B /* CompositionalLayout.swift in Sources */,
			);
			runOnlyForDeploymentPostprocessing = 0;
		};
/* End PBXSourcesBuildPhase section */

/* Begin PBXVariantGroup section */
		213F32B326B1F8FB0090558B /* LaunchScreen.storyboard */ = {
			isa = PBXVariantGroup;
			children = (
				213F32B426B1F8FB0090558B /* Base */,
			);
			name = LaunchScreen.storyboard;
			sourceTree = "<group>";
		};
		213F32B526B1F8FB0090558B /* Main.storyboard */ = {
			isa = PBXVariantGroup;
			children = (
				213F32B626B1F8FB0090558B /* Base */,
			);
			name = Main.storyboard;
			sourceTree = "<group>";
		};
/* End PBXVariantGroup section */

/* Begin XCBuildConfiguration section */
		213F328426B1F77E0090558B /* Debug */ = {
			isa = XCBuildConfiguration;
			buildSettings = {
				ALWAYS_SEARCH_USER_PATHS = NO;
				CLANG_ANALYZER_NONNULL = YES;
				CLANG_ANALYZER_NUMBER_OBJECT_CONVERSION = YES_AGGRESSIVE;
				CLANG_CXX_LANGUAGE_STANDARD = "gnu++14";
				CLANG_CXX_LIBRARY = "libc++";
				CLANG_ENABLE_MODULES = YES;
				CLANG_ENABLE_OBJC_ARC = YES;
				CLANG_ENABLE_OBJC_WEAK = YES;
				CLANG_WARN_BLOCK_CAPTURE_AUTORELEASING = YES;
				CLANG_WARN_BOOL_CONVERSION = YES;
				CLANG_WARN_COMMA = YES;
				CLANG_WARN_CONSTANT_CONVERSION = YES;
				CLANG_WARN_DEPRECATED_OBJC_IMPLEMENTATIONS = YES;
				CLANG_WARN_DIRECT_OBJC_ISA_USAGE = YES_ERROR;
				CLANG_WARN_DOCUMENTATION_COMMENTS = YES;
				CLANG_WARN_EMPTY_BODY = YES;
				CLANG_WARN_ENUM_CONVERSION = YES;
				CLANG_WARN_INFINITE_RECURSION = YES;
				CLANG_WARN_INT_CONVERSION = YES;
				CLANG_WARN_NON_LITERAL_NULL_CONVERSION = YES;
				CLANG_WARN_OBJC_IMPLICIT_RETAIN_SELF = YES;
				CLANG_WARN_OBJC_LITERAL_CONVERSION = YES;
				CLANG_WARN_OBJC_ROOT_CLASS = YES_ERROR;
				CLANG_WARN_QUOTED_INCLUDE_IN_FRAMEWORK_HEADER = YES;
				CLANG_WARN_RANGE_LOOP_ANALYSIS = YES;
				CLANG_WARN_STRICT_PROTOTYPES = YES;
				CLANG_WARN_SUSPICIOUS_MOVE = YES;
				CLANG_WARN_UNGUARDED_AVAILABILITY = YES_AGGRESSIVE;
				CLANG_WARN_UNREACHABLE_CODE = YES;
				CLANG_WARN__DUPLICATE_METHOD_MATCH = YES;
				COPY_PHASE_STRIP = NO;
				DEBUG_INFORMATION_FORMAT = dwarf;
				ENABLE_STRICT_OBJC_MSGSEND = YES;
				ENABLE_TESTABILITY = YES;
				GCC_C_LANGUAGE_STANDARD = gnu11;
				GCC_DYNAMIC_NO_PIC = NO;
				GCC_NO_COMMON_BLOCKS = YES;
				GCC_OPTIMIZATION_LEVEL = 0;
				GCC_PREPROCESSOR_DEFINITIONS = (
					"DEBUG=1",
					"$(inherited)",
				);
				GCC_WARN_64_TO_32_BIT_CONVERSION = YES;
				GCC_WARN_ABOUT_RETURN_TYPE = YES_ERROR;
				GCC_WARN_UNDECLARED_SELECTOR = YES;
				GCC_WARN_UNINITIALIZED_AUTOS = YES_AGGRESSIVE;
				GCC_WARN_UNUSED_FUNCTION = YES;
				GCC_WARN_UNUSED_VARIABLE = YES;
				IPHONEOS_DEPLOYMENT_TARGET = 14.5;
				MTL_ENABLE_DEBUG_INFO = INCLUDE_SOURCE;
				MTL_FAST_MATH = YES;
				ONLY_ACTIVE_ARCH = YES;
				SDKROOT = iphoneos;
				SWIFT_ACTIVE_COMPILATION_CONDITIONS = DEBUG;
				SWIFT_OPTIMIZATION_LEVEL = "-Onone";
			};
			name = Debug;
		};
		213F328526B1F77E0090558B /* Release */ = {
			isa = XCBuildConfiguration;
			buildSettings = {
				ALWAYS_SEARCH_USER_PATHS = NO;
				CLANG_ANALYZER_NONNULL = YES;
				CLANG_ANALYZER_NUMBER_OBJECT_CONVERSION = YES_AGGRESSIVE;
				CLANG_CXX_LANGUAGE_STANDARD = "gnu++14";
				CLANG_CXX_LIBRARY = "libc++";
				CLANG_ENABLE_MODULES = YES;
				CLANG_ENABLE_OBJC_ARC = YES;
				CLANG_ENABLE_OBJC_WEAK = YES;
				CLANG_WARN_BLOCK_CAPTURE_AUTORELEASING = YES;
				CLANG_WARN_BOOL_CONVERSION = YES;
				CLANG_WARN_COMMA = YES;
				CLANG_WARN_CONSTANT_CONVERSION = YES;
				CLANG_WARN_DEPRECATED_OBJC_IMPLEMENTATIONS = YES;
				CLANG_WARN_DIRECT_OBJC_ISA_USAGE = YES_ERROR;
				CLANG_WARN_DOCUMENTATION_COMMENTS = YES;
				CLANG_WARN_EMPTY_BODY = YES;
				CLANG_WARN_ENUM_CONVERSION = YES;
				CLANG_WARN_INFINITE_RECURSION = YES;
				CLANG_WARN_INT_CONVERSION = YES;
				CLANG_WARN_NON_LITERAL_NULL_CONVERSION = YES;
				CLANG_WARN_OBJC_IMPLICIT_RETAIN_SELF = YES;
				CLANG_WARN_OBJC_LITERAL_CONVERSION = YES;
				CLANG_WARN_OBJC_ROOT_CLASS = YES_ERROR;
				CLANG_WARN_QUOTED_INCLUDE_IN_FRAMEWORK_HEADER = YES;
				CLANG_WARN_RANGE_LOOP_ANALYSIS = YES;
				CLANG_WARN_STRICT_PROTOTYPES = YES;
				CLANG_WARN_SUSPICIOUS_MOVE = YES;
				CLANG_WARN_UNGUARDED_AVAILABILITY = YES_AGGRESSIVE;
				CLANG_WARN_UNREACHABLE_CODE = YES;
				CLANG_WARN__DUPLICATE_METHOD_MATCH = YES;
				COPY_PHASE_STRIP = NO;
				DEBUG_INFORMATION_FORMAT = "dwarf-with-dsym";
				ENABLE_NS_ASSERTIONS = NO;
				ENABLE_STRICT_OBJC_MSGSEND = YES;
				GCC_C_LANGUAGE_STANDARD = gnu11;
				GCC_NO_COMMON_BLOCKS = YES;
				GCC_WARN_64_TO_32_BIT_CONVERSION = YES;
				GCC_WARN_ABOUT_RETURN_TYPE = YES_ERROR;
				GCC_WARN_UNDECLARED_SELECTOR = YES;
				GCC_WARN_UNINITIALIZED_AUTOS = YES_AGGRESSIVE;
				GCC_WARN_UNUSED_FUNCTION = YES;
				GCC_WARN_UNUSED_VARIABLE = YES;
				IPHONEOS_DEPLOYMENT_TARGET = 14.5;
				MTL_ENABLE_DEBUG_INFO = NO;
				MTL_FAST_MATH = YES;
				SDKROOT = iphoneos;
				SWIFT_COMPILATION_MODE = wholemodule;
				SWIFT_OPTIMIZATION_LEVEL = "-O";
				VALIDATE_PRODUCT = YES;
			};
			name = Release;
		};
		213F328726B1F77E0090558B /* Debug */ = {
			isa = XCBuildConfiguration;
			buildSettings = {
				ASSETCATALOG_COMPILER_APPICON_NAME = AppIcon;
				ASSETCATALOG_COMPILER_GLOBAL_ACCENT_COLOR_NAME = AccentColor;
				CODE_SIGN_STYLE = Automatic;
				DEVELOPMENT_TEAM = DQ8G7M24P5;
				INFOPLIST_FILE = CompositionalLayout_Starter/Info.plist;
				LD_RUNPATH_SEARCH_PATHS = (
					"$(inherited)",
					"@executable_path/Frameworks",
				);
				PRODUCT_BUNDLE_IDENTIFIER = "com.rebekkaorth.CompositionalLayout-Starter";
				PRODUCT_NAME = "$(TARGET_NAME)";
				SWIFT_VERSION = 5.0;
				TARGETED_DEVICE_FAMILY = "1,2";
			};
			name = Debug;
		};
		213F328826B1F77E0090558B /* Release */ = {
			isa = XCBuildConfiguration;
			buildSettings = {
				ASSETCATALOG_COMPILER_APPICON_NAME = AppIcon;
				ASSETCATALOG_COMPILER_GLOBAL_ACCENT_COLOR_NAME = AccentColor;
				CODE_SIGN_STYLE = Automatic;
				DEVELOPMENT_TEAM = DQ8G7M24P5;
				INFOPLIST_FILE = CompositionalLayout_Starter/Info.plist;
				LD_RUNPATH_SEARCH_PATHS = (
					"$(inherited)",
					"@executable_path/Frameworks",
				);
				PRODUCT_BUNDLE_IDENTIFIER = "com.rebekkaorth.CompositionalLayout-Starter";
				PRODUCT_NAME = "$(TARGET_NAME)";
				SWIFT_VERSION = 5.0;
				TARGETED_DEVICE_FAMILY = "1,2";
			};
			name = Release;
		};
/* End XCBuildConfiguration section */

/* Begin XCConfigurationList section */
		213F326D26B1F77B0090558B /* Build configuration list for PBXProject "CompositionalLayout_Starter" */ = {
			isa = XCConfigurationList;
			buildConfigurations = (
				213F328426B1F77E0090558B /* Debug */,
				213F328526B1F77E0090558B /* Release */,
			);
			defaultConfigurationIsVisible = 0;
			defaultConfigurationName = Release;
		};
		213F328626B1F77E0090558B /* Build configuration list for PBXNativeTarget "CompositionalLayout_Starter" */ = {
			isa = XCConfigurationList;
			buildConfigurations = (
				213F328726B1F77E0090558B /* Debug */,
				213F328826B1F77E0090558B /* Release */,
			);
			defaultConfigurationIsVisible = 0;
			defaultConfigurationName = Release;
		};
/* End XCConfigurationList section */
	};
	rootObject = 213F326A26B1F77B0090558B /* Project object */;
}
